
Microsoft Visual Studio Solution File, Format Version 12.00
# Visual Studio Version 16
VisualStudioVersion = 16.0.30105.148
MinimumVisualStudioVersion = 10.0.40219.1
Project("{FAE04EC0-301F-11D3-BF4B-00C04F79EFBC}") = "sample_http_client_proxy", "sample_http_client_proxy\sample_http_client_proxy.csproj", "{B9AC03E0-CBAA-4757-8CAF-837F95864833}"
EndProject
Global
	GlobalSection(SolutionConfigurationPlatforms) = preSolution
		Debug|Any CPU = Debug|Any CPU
		Release|Any CPU = Release|Any CPU
	EndGlobalSection
	GlobalSection(ProjectConfigurationPlatforms) = postSolution
		{B9AC03E0-CBAA-4757-8CAF-837F95864833}.Debug|Any CPU.ActiveCfg = Debug|Any CPU
		{B9AC03E0-CBAA-4757-8CAF-837F95864833}.Debug|Any CPU.Build.0 = Debug|Any CPU
		{B9AC03E0-CBAA-4757-8CAF-837F95864833}.Release|Any CPU.ActiveCfg = Release|Any CPU
		{B9AC03E0-CBAA-4757-8CAF-837F95864833}.Release|Any CPU.Build.0 = Release|Any CPU
	EndGlobalSection
	GlobalSection(SolutionProperties) = preSolution
		HideSolutionNode = FALSE
	EndGlobalSection
	GlobalSection(ExtensibilityGlobals) = postSolution
		SolutionGuid = {76B8C82B-A63E-4638-AFE9-3A582B7CF02A}
	EndGlobalSection
EndGlobal
